
Microsoft Visual Studio Solution File, Format Version 12.00
# Visual Studio Version 17
VisualStudioVersion = 17.7.34202.233
MinimumVisualStudioVersion = 10.0.40219.1
Project("{9A19103F-16F7-4668-BE54-9A1E7A4F7556}") = "SistemaVentas.Entity", "SistemaVentas.Entity\SistemaVentas.Entity.csproj", "{477A41CB-9A65-434E-8CB3-42356A309CE1}"
EndProject
Project("{9A19103F-16F7-4668-BE54-9A1E7A4F7556}") = "SistemaVentas.BLL", "SistemaVentas.BLL\SistemaVentas.BLL.csproj", "{A665A89A-7E78-496A-B152-4E186D980DCF}"
EndProject
Project("{9A19103F-16F7-4668-BE54-9A1E7A4F7556}") = "SistemaVentas.IOC", "SistemaVentas.IOC\SistemaVentas.IOC.csproj", "{74E225A4-7B17-434B-84FE-4C173080BA03}"
EndProject
Project("{9A19103F-16F7-4668-BE54-9A1E7A4F7556}") = "SistemaVentas.AplicacionWeb", "SistemaVentas.AplicacionWeb\SistemaVentas.AplicacionWeb.csproj", "{42D552FA-51AD-4C83-B67C-8B2B1052ED9D}"
EndProject
Project("{FAE04EC0-301F-11D3-BF4B-00C04F79EFBC}") = "SistemaVentas.DAL", "SistemaVentas.DAL\SistemaVentas.DAL.csproj", "{F8763ACA-A72E-4CE7-A2D2-70B219F45999}"
EndProject
Global
	GlobalSection(SolutionConfigurationPlatforms) = preSolution
		Debug|Any CPU = Debug|Any CPU
		Release|Any CPU = Release|Any CPU
	EndGlobalSection
	GlobalSection(ProjectConfigurationPlatforms) = postSolution
		{477A41CB-9A65-434E-8CB3-42356A309CE1}.Debug|Any CPU.ActiveCfg = Debug|Any CPU
		{477A41CB-9A65-434E-8CB3-42356A309CE1}.Debug|Any CPU.Build.0 = Debug|Any CPU
		{477A41CB-9A65-434E-8CB3-42356A309CE1}.Release|Any CPU.ActiveCfg = Release|Any CPU
		{477A41CB-9A65-434E-8CB3-42356A309CE1}.Release|Any CPU.Build.0 = Release|Any CPU
		{A665A89A-7E78-496A-B152-4E186D980DCF}.Debug|Any CPU.ActiveCfg = Debug|Any CPU
		{A665A89A-7E78-496A-B152-4E186D980DCF}.Debug|Any CPU.Build.0 = Debug|Any CPU
		{A665A89A-7E78-496A-B152-4E186D980DCF}.Release|Any CPU.ActiveCfg = Release|Any CPU
		{A665A89A-7E78-496A-B152-4E186D980DCF}.Release|Any CPU.Build.0 = Release|Any CPU
		{74E225A4-7B17-434B-84FE-4C173080BA03}.Debug|Any CPU.ActiveCfg = Debug|Any CPU
		{74E225A4-7B17-434B-84FE-4C173080BA03}.Debug|Any CPU.Build.0 = Debug|Any CPU
		{74E225A4-7B17-434B-84FE-4C173080BA03}.Release|Any CPU.ActiveCfg = Release|Any CPU
		{74E225A4-7B17-434B-84FE-4C173080BA03}.Release|Any CPU.Build.0 = Release|Any CPU
		{42D552FA-51AD-4C83-B67C-8B2B1052ED9D}.Debug|Any CPU.ActiveCfg = Debug|Any CPU
		{42D552FA-51AD-4C83-B67C-8B2B1052ED9D}.Debug|Any CPU.Build.0 = Debug|Any CPU
		{42D552FA-51AD-4C83-B67C-8B2B1052ED9D}.Release|Any CPU.ActiveCfg = Release|Any CPU
		{42D552FA-51AD-4C83-B67C-8B2B1052ED9D}.Release|Any CPU.Build.0 = Release|Any CPU
		{F8763ACA-A72E-4CE7-A2D2-70B219F45999}.Debug|Any CPU.ActiveCfg = Debug|Any CPU
		{F8763ACA-A72E-4CE7-A2D2-70B219F45999}.Debug|Any CPU.Build.0 = Debug|Any CPU
		{F8763ACA-A72E-4CE7-A2D2-70B219F45999}.Release|Any CPU.ActiveCfg = Release|Any CPU
		{F8763ACA-A72E-4CE7-A2D2-70B219F45999}.Release|Any CPU.Build.0 = Release|Any CPU
	EndGlobalSection
	GlobalSection(SolutionProperties) = preSolution
		HideSolutionNode = FALSE
	EndGlobalSection
	GlobalSection(ExtensibilityGlobals) = postSolution
		SolutionGuid = {B8624E9E-D509-4904-931B-0873D187648D}
	EndGlobalSection
EndGlobal
